// !$*UTF8*$!
{
	archiveVersion = 1;
	classes = {
	};
	objectVersion = 48;
	objects = {

/* Begin PBXBuildFile section */
		EE306D34201C6BC400346105 /* AppDelegate.swift in Sources */ = {isa = PBXBuildFile; fileRef = EE306D33201C6BC400346105 /* AppDelegate.swift */; };
		EE306D39201C6BC400346105 /* Main.storyboard in Resources */ = {isa = PBXBuildFile; fileRef = EE306D37201C6BC400346105 /* Main.storyboard */; };
		EE306D3B201C6BC400346105 /* Assets.xcassets in Resources */ = {isa = PBXBuildFile; fileRef = EE306D3A201C6BC400346105 /* Assets.xcassets */; };
		EE306D3E201C6BC400346105 /* LaunchScreen.storyboard in Resources */ = {isa = PBXBuildFile; fileRef = EE306D3C201C6BC400346105 /* LaunchScreen.storyboard */; };
		EE306D46201C6D1400346105 /* PropertyTableViewController.swift in Sources */ = {isa = PBXBuildFile; fileRef = EE306D45201C6D1400346105 /* PropertyTableViewController.swift */; };
		EE306D4A201C735F00346105 /* Property.swift in Sources */ = {isa = PBXBuildFile; fileRef = EE306D49201C735F00346105 /* Property.swift */; };
		EE306D4C201C75ED00346105 /* UseCase.swift in Sources */ = {isa = PBXBuildFile; fileRef = EE306D4B201C75ED00346105 /* UseCase.swift */; };
		EE306D4F201C76BC00346105 /* ShowPropertiesListUseCase.swift in Sources */ = {isa = PBXBuildFile; fileRef = EE306D4E201C76BC00346105 /* ShowPropertiesListUseCase.swift */; };
		EE306D51201C771100346105 /* EntityGateway.swift in Sources */ = {isa = PBXBuildFile; fileRef = EE306D50201C771100346105 /* EntityGateway.swift */; };
		EE306D53201C7AE800346105 /* UseCaseFactory.swift in Sources */ = {isa = PBXBuildFile; fileRef = EE306D52201C7AE800346105 /* UseCaseFactory.swift */; };
		EE306D56201C7B7500346105 /* PropertyResponse.swift in Sources */ = {isa = PBXBuildFile; fileRef = EE306D55201C7B7500346105 /* PropertyResponse.swift */; };
		EE306D59201C801500346105 /* PropertyListView.swift in Sources */ = {isa = PBXBuildFile; fileRef = EE306D58201C801500346105 /* PropertyListView.swift */; };
		EE306D5B201C80E100346105 /* PropertyListItemView.swift in Sources */ = {isa = PBXBuildFile; fileRef = EE306D5A201C80E100346105 /* PropertyListItemView.swift */; };
		EE306D5E201C824600346105 /* SegueHandler.swift in Sources */ = {isa = PBXBuildFile; fileRef = EE306D5D201C824600346105 /* SegueHandler.swift */; };
		EE306D61201C82ED00346105 /* PropertyTableViewCell.swift in Sources */ = {isa = PBXBuildFile; fileRef = EE306D60201C82ED00346105 /* PropertyTableViewCell.swift */; };
		EE306D69201C8B0400346105 /* PropertyListConnector.swift in Sources */ = {isa = PBXBuildFile; fileRef = EE306D68201C8B0400346105 /* PropertyListConnector.swift */; };
		EE306D6C201C8BB100346105 /* PropertyListPresenter.swift in Sources */ = {isa = PBXBuildFile; fileRef = EE306D6B201C8BB100346105 /* PropertyListPresenter.swift */; };
		EE306D70201C9C9C00346105 /* URLImageLoader.swift in Sources */ = {isa = PBXBuildFile; fileRef = EE306D6F201C9C9C00346105 /* URLImageLoader.swift */; };
		EE306D72201C9D3F00346105 /* InMemoryRepo.swift in Sources */ = {isa = PBXBuildFile; fileRef = EE306D71201C9D3F00346105 /* InMemoryRepo.swift */; };
		EE306D74201CA23200346105 /* JsonLoader.swift in Sources */ = {isa = PBXBuildFile; fileRef = EE306D73201CA23200346105 /* JsonLoader.swift */; };
		EE306D77201CC68200346105 /* LoadingViewController.xib in Resources */ = {isa = PBXBuildFile; fileRef = EE306D75201CC68100346105 /* LoadingViewController.xib */; };
		EE306D78201CC68200346105 /* LoadingViewController.swift in Sources */ = {isa = PBXBuildFile; fileRef = EE306D76201CC68200346105 /* LoadingViewController.swift */; };
		EE306D7A201CCDE800346105 /* PropertySortViewController.swift in Sources */ = {isa = PBXBuildFile; fileRef = EE306D79201CCDE800346105 /* PropertySortViewController.swift */; };
		EE306D7C201CD0D600346105 /* PropertySortConnector.swift in Sources */ = {isa = PBXBuildFile; fileRef = EE306D7B201CD0D600346105 /* PropertySortConnector.swift */; };
		EE306D7E201CD1AE00346105 /* PropertySortView.swift in Sources */ = {isa = PBXBuildFile; fileRef = EE306D7D201CD1AE00346105 /* PropertySortView.swift */; };
		EE306D80201CD3E100346105 /* PropertySortPresenter.swift in Sources */ = {isa = PBXBuildFile; fileRef = EE306D7F201CD3E100346105 /* PropertySortPresenter.swift */; };
		EE306D82201CD9F000346105 /* SortPropertyListUseCase.swift in Sources */ = {isa = PBXBuildFile; fileRef = EE306D81201CD9F000346105 /* SortPropertyListUseCase.swift */; };
		EE306D84201D032200346105 /* URLManager.swift in Sources */ = {isa = PBXBuildFile; fileRef = EE306D83201D032200346105 /* URLManager.swift */; };
		EE306D86201D1CA200346105 /* ShowNextPropertyPageUseCase.swift in Sources */ = {isa = PBXBuildFile; fileRef = EE306D85201D1CA200346105 /* ShowNextPropertyPageUseCase.swift */; };
		EE306D8F201D512B00346105 /* PropertyFinderTests.swift in Sources */ = {isa = PBXBuildFile; fileRef = EE306D8E201D512B00346105 /* PropertyFinderTests.swift */; };
		EE306D99201DC51300346105 /* PropertyListConnectorTest.swift in Sources */ = {isa = PBXBuildFile; fileRef = EE306D98201DC51300346105 /* PropertyListConnectorTest.swift */; };
		EE306D9C201DC61900346105 /* EntityGatewayTestDummy.swift in Sources */ = {isa = PBXBuildFile; fileRef = EE306D9B201DC61900346105 /* EntityGatewayTestDummy.swift */; };
		EE306D9E201DCD6500346105 /* PropertySortConnectorTest.swift in Sources */ = {isa = PBXBuildFile; fileRef = EE306D9D201DCD6500346105 /* PropertySortConnectorTest.swift */; };
/* End PBXBuildFile section */

/* Begin PBXContainerItemProxy section */
		EE306D91201D512B00346105 /* PBXContainerItemProxy */ = {
			isa = PBXContainerItemProxy;
			containerPortal = EE306D28201C6BC400346105 /* Project object */;
			proxyType = 1;
			remoteGlobalIDString = EE306D2F201C6BC400346105;
			remoteInfo = PropertyFinder;
		};
/* End PBXContainerItemProxy section */

/* Begin PBXFileReference section */
		EE306D30201C6BC400346105 /* PropertyFinder.app */ = {isa = PBXFileReference; explicitFileType = wrapper.application; includeInIndex = 0; path = PropertyFinder.app; sourceTree = BUILT_PRODUCTS_DIR; };
		EE306D33201C6BC400346105 /* AppDelegate.swift */ = {isa = PBXFileReference; lastKnownFileType = sourcecode.swift; path = AppDelegate.swift; sourceTree = "<group>"; };
		EE306D38201C6BC400346105 /* Base */ = {isa = PBXFileReference; lastKnownFileType = file.storyboard; name = Base; path = Base.lproj/Main.storyboard; sourceTree = "<group>"; };
		EE306D3A201C6BC400346105 /* Assets.xcassets */ = {isa = PBXFileReference; lastKnownFileType = folder.assetcatalog; path = Assets.xcassets; sourceTree = "<group>"; };
		EE306D3D201C6BC400346105 /* Base */ = {isa = PBXFileReference; lastKnownFileType = file.storyboard; name = Base; path = Base.lproj/LaunchScreen.storyboard; sourceTree = "<group>"; };
		EE306D3F201C6BC400346105 /* Info.plist */ = {isa = PBXFileReference; lastKnownFileType = text.plist.xml; path = Info.plist; sourceTree = "<group>"; };
		EE306D45201C6D1400346105 /* PropertyTableViewController.swift */ = {isa = PBXFileReference; lastKnownFileType = sourcecode.swift; path = PropertyTableViewController.swift; sourceTree = "<group>"; };
		EE306D49201C735F00346105 /* Property.swift */ = {isa = PBXFileReference; lastKnownFileType = sourcecode.swift; path = Property.swift; sourceTree = "<group>"; };
		EE306D4B201C75ED00346105 /* UseCase.swift */ = {isa = PBXFileReference; lastKnownFileType = sourcecode.swift; path = UseCase.swift; sourceTree = "<group>"; };
		EE306D4E201C76BC00346105 /* ShowPropertiesListUseCase.swift */ = {isa = PBXFileReference; lastKnownFileType = sourcecode.swift; path = ShowPropertiesListUseCase.swift; sourceTree = "<group>"; };
		EE306D50201C771100346105 /* EntityGateway.swift */ = {isa = PBXFileReference; lastKnownFileType = sourcecode.swift; path = EntityGateway.swift; sourceTree = "<group>"; };
		EE306D52201C7AE800346105 /* UseCaseFactory.swift */ = {isa = PBXFileReference; lastKnownFileType = sourcecode.swift; path = UseCaseFactory.swift; sourceTree = "<group>"; };
		EE306D55201C7B7500346105 /* PropertyResponse.swift */ = {isa = PBXFileReference; lastKnownFileType = sourcecode.swift; path = PropertyResponse.swift; sourceTree = "<group>"; };
		EE306D58201C801500346105 /* PropertyListView.swift */ = {isa = PBXFileReference; lastKnownFileType = sourcecode.swift; path = PropertyListView.swift; sourceTree = "<group>"; };
		EE306D5A201C80E100346105 /* PropertyListItemView.swift */ = {isa = PBXFileReference; lastKnownFileType = sourcecode.swift; path = PropertyListItemView.swift; sourceTree = "<group>"; };
		EE306D5D201C824600346105 /* SegueHandler.swift */ = {isa = PBXFileReference; lastKnownFileType = sourcecode.swift; path = SegueHandler.swift; sourceTree = "<group>"; };
		EE306D60201C82ED00346105 /* PropertyTableViewCell.swift */ = {isa = PBXFileReference; lastKnownFileType = sourcecode.swift; path = PropertyTableViewCell.swift; sourceTree = "<group>"; };
		EE306D68201C8B0400346105 /* PropertyListConnector.swift */ = {isa = PBXFileReference; lastKnownFileType = sourcecode.swift; path = PropertyListConnector.swift; sourceTree = "<group>"; };
		EE306D6B201C8BB100346105 /* PropertyListPresenter.swift */ = {isa = PBXFileReference; lastKnownFileType = sourcecode.swift; path = PropertyListPresenter.swift; sourceTree = "<group>"; };
		EE306D6F201C9C9C00346105 /* URLImageLoader.swift */ = {isa = PBXFileReference; lastKnownFileType = sourcecode.swift; path = URLImageLoader.swift; sourceTree = "<group>"; };
		EE306D71201C9D3F00346105 /* InMemoryRepo.swift */ = {isa = PBXFileReference; lastKnownFileType = sourcecode.swift; path = InMemoryRepo.swift; sourceTree = "<group>"; };
		EE306D73201CA23200346105 /* JsonLoader.swift */ = {isa = PBXFileReference; lastKnownFileType = sourcecode.swift; path = JsonLoader.swift; sourceTree = "<group>"; };
		EE306D75201CC68100346105 /* LoadingViewController.xib */ = {isa = PBXFileReference; fileEncoding = 4; lastKnownFileType = file.xib; path = LoadingViewController.xib; sourceTree = "<group>"; };
		EE306D76201CC68200346105 /* LoadingViewController.swift */ = {isa = PBXFileReference; fileEncoding = 4; lastKnownFileType = sourcecode.swift; path = LoadingViewController.swift; sourceTree = "<group>"; };
		EE306D79201CCDE800346105 /* PropertySortViewController.swift */ = {isa = PBXFileReference; lastKnownFileType = sourcecode.swift; path = PropertySortViewController.swift; sourceTree = "<group>"; };
		EE306D7B201CD0D600346105 /* PropertySortConnector.swift */ = {isa = PBXFileReference; lastKnownFileType = sourcecode.swift; path = PropertySortConnector.swift; sourceTree = "<group>"; };
		EE306D7D201CD1AE00346105 /* PropertySortView.swift */ = {isa = PBXFileReference; lastKnownFileType = sourcecode.swift; path = PropertySortView.swift; sourceTree = "<group>"; };
		EE306D7F201CD3E100346105 /* PropertySortPresenter.swift */ = {isa = PBXFileReference; lastKnownFileType = sourcecode.swift; path = PropertySortPresenter.swift; sourceTree = "<group>"; };
		EE306D81201CD9F000346105 /* SortPropertyListUseCase.swift */ = {isa = PBXFileReference; lastKnownFileType = sourcecode.swift; path = SortPropertyListUseCase.swift; sourceTree = "<group>"; };
		EE306D83201D032200346105 /* URLManager.swift */ = {isa = PBXFileReference; lastKnownFileType = sourcecode.swift; path = URLManager.swift; sourceTree = "<group>"; };
		EE306D85201D1CA200346105 /* ShowNextPropertyPageUseCase.swift */ = {isa = PBXFileReference; lastKnownFileType = sourcecode.swift; path = ShowNextPropertyPageUseCase.swift; sourceTree = "<group>"; };
		EE306D8C201D512B00346105 /* PropertyFinderTests.xctest */ = {isa = PBXFileReference; explicitFileType = wrapper.cfbundle; includeInIndex = 0; path = PropertyFinderTests.xctest; sourceTree = BUILT_PRODUCTS_DIR; };
		EE306D8E201D512B00346105 /* PropertyFinderTests.swift */ = {isa = PBXFileReference; lastKnownFileType = sourcecode.swift; path = PropertyFinderTests.swift; sourceTree = "<group>"; };
		EE306D90201D512B00346105 /* Info.plist */ = {isa = PBXFileReference; lastKnownFileType = text.plist.xml; path = Info.plist; sourceTree = "<group>"; };
		EE306D98201DC51300346105 /* PropertyListConnectorTest.swift */ = {isa = PBXFileReference; lastKnownFileType = sourcecode.swift; path = PropertyListConnectorTest.swift; sourceTree = "<group>"; };
		EE306D9B201DC61900346105 /* EntityGatewayTestDummy.swift */ = {isa = PBXFileReference; lastKnownFileType = sourcecode.swift; path = EntityGatewayTestDummy.swift; sourceTree = "<group>"; };
		EE306D9D201DCD6500346105 /* PropertySortConnectorTest.swift */ = {isa = PBXFileReference; lastKnownFileType = sourcecode.swift; path = PropertySortConnectorTest.swift; sourceTree = "<group>"; };
/* End PBXFileReference section */

/* Begin PBXFrameworksBuildPhase section */
		EE306D2D201C6BC400346105 /* Frameworks */ = {
			isa = PBXFrameworksBuildPhase;
			buildActionMask = 2147483647;
			files = (
			);
			runOnlyForDeploymentPostprocessing = 0;
		};
		EE306D89201D512B00346105 /* Frameworks */ = {
			isa = PBXFrameworksBuildPhase;
			buildActionMask = 2147483647;
			files = (
			);
			runOnlyForDeploymentPostprocessing = 0;
		};
/* End PBXFrameworksBuildPhase section */

/* Begin PBXGroup section */
		EE306D27201C6BC400346105 = {
			isa = PBXGroup;
			children = (
				EE306D32201C6BC400346105 /* PropertyFinder */,
				EE306D8D201D512B00346105 /* PropertyFinderTests */,
				EE306D31201C6BC400346105 /* Products */,
			);
			sourceTree = "<group>";
		};
		EE306D31201C6BC400346105 /* Products */ = {
			isa = PBXGroup;
			children = (
				EE306D30201C6BC400346105 /* PropertyFinder.app */,
				EE306D8C201D512B00346105 /* PropertyFinderTests.xctest */,
			);
			name = Products;
			sourceTree = "<group>";
		};
		EE306D32201C6BC400346105 /* PropertyFinder */ = {
			isa = PBXGroup;
			children = (
				EE306D65201C841400346105 /* Platform */,
				EE306D57201C7FE900346105 /* Presentation */,
				EE306D47201C72F400346105 /* Domain */,
				EE306D6D201C911800346105 /* Services */,
				EE306D66201C845E00346105 /* Data */,
				EE306D64201C838500346105 /* SupportFiles */,
			);
			path = PropertyFinder;
			sourceTree = "<group>";
		};
		EE306D47201C72F400346105 /* Domain */ = {
			isa = PBXGroup;
			children = (
				EE306D4B201C75ED00346105 /* UseCase.swift */,
				EE306D52201C7AE800346105 /* UseCaseFactory.swift */,
				EE306D50201C771100346105 /* EntityGateway.swift */,
				EE306D4D201C763900346105 /* UseCases */,
				EE306D48201C733C00346105 /* Entities */,
				EE306D54201C7B4400346105 /* IO */,
			);
			path = Domain;
			sourceTree = "<group>";
		};
		EE306D48201C733C00346105 /* Entities */ = {
			isa = PBXGroup;
			children = (
				EE306D49201C735F00346105 /* Property.swift */,
			);
			path = Entities;
			sourceTree = "<group>";
		};
		EE306D4D201C763900346105 /* UseCases */ = {
			isa = PBXGroup;
			children = (
				EE306D4E201C76BC00346105 /* ShowPropertiesListUseCase.swift */,
				EE306D81201CD9F000346105 /* SortPropertyListUseCase.swift */,
				EE306D85201D1CA200346105 /* ShowNextPropertyPageUseCase.swift */,
			);
			path = UseCases;
			sourceTree = "<group>";
		};
		EE306D54201C7B4400346105 /* IO */ = {
			isa = PBXGroup;
			children = (
				EE306D55201C7B7500346105 /* PropertyResponse.swift */,
			);
			path = IO;
			sourceTree = "<group>";
		};
		EE306D57201C7FE900346105 /* Presentation */ = {
			isa = PBXGroup;
			children = (
				EE306D58201C801500346105 /* PropertyListView.swift */,
				EE306D5A201C80E100346105 /* PropertyListItemView.swift */,
				EE306D7D201CD1AE00346105 /* PropertySortView.swift */,
				EE306D6A201C8B9400346105 /* Presenters */,
				EE306D87201D250B00346105 /* Singleton */,
				EE306D6E201C95FF00346105 /* Formatters */,
			);
			path = Presentation;
			sourceTree = "<group>";
		};
		EE306D5C201C822400346105 /* Helpers */ = {
			isa = PBXGroup;
			children = (
				EE306D76201CC68200346105 /* LoadingViewController.swift */,
				EE306D75201CC68100346105 /* LoadingViewController.xib */,
				EE306D5D201C824600346105 /* SegueHandler.swift */,
			);
			path = Helpers;
			sourceTree = "<group>";
		};
		EE306D5F201C82AA00346105 /* Views */ = {
			isa = PBXGroup;
			children = (
				EE306D3C201C6BC400346105 /* LaunchScreen.storyboard */,
				EE306D37201C6BC400346105 /* Main.storyboard */,
				EE306D45201C6D1400346105 /* PropertyTableViewController.swift */,
				EE306D60201C82ED00346105 /* PropertyTableViewCell.swift */,
				EE306D79201CCDE800346105 /* PropertySortViewController.swift */,
			);
			path = Views;
			sourceTree = "<group>";
		};
		EE306D62201C830F00346105 /* AppDelegate */ = {
			isa = PBXGroup;
			children = (
				EE306D33201C6BC400346105 /* AppDelegate.swift */,
			);
			path = AppDelegate;
			sourceTree = "<group>";
		};
		EE306D64201C838500346105 /* SupportFiles */ = {
			isa = PBXGroup;
			children = (
				EE306D3A201C6BC400346105 /* Assets.xcassets */,
				EE306D3F201C6BC400346105 /* Info.plist */,
			);
			name = SupportFiles;
			sourceTree = "<group>";
		};
		EE306D65201C841400346105 /* Platform */ = {
			isa = PBXGroup;
			children = (
				EE306D67201C8AE400346105 /* Connectors */,
				EE306D5F201C82AA00346105 /* Views */,
				EE306D62201C830F00346105 /* AppDelegate */,
				EE306D5C201C822400346105 /* Helpers */,
			);
			path = Platform;
			sourceTree = "<group>";
		};
		EE306D66201C845E00346105 /* Data */ = {
			isa = PBXGroup;
			children = (
				EE306D71201C9D3F00346105 /* InMemoryRepo.swift */,
			);
			path = Data;
			sourceTree = "<group>";
		};
		EE306D67201C8AE400346105 /* Connectors */ = {
			isa = PBXGroup;
			children = (
				EE306D68201C8B0400346105 /* PropertyListConnector.swift */,
				EE306D7B201CD0D600346105 /* PropertySortConnector.swift */,
			);
			path = Connectors;
			sourceTree = "<group>";
		};
		EE306D6A201C8B9400346105 /* Presenters */ = {
			isa = PBXGroup;
			children = (
				EE306D6B201C8BB100346105 /* PropertyListPresenter.swift */,
				EE306D7F201CD3E100346105 /* PropertySortPresenter.swift */,
			);
			path = Presenters;
			sourceTree = "<group>";
		};
		EE306D6D201C911800346105 /* Services */ = {
			isa = PBXGroup;
			children = (
				EE306D6F201C9C9C00346105 /* URLImageLoader.swift */,
				EE306D73201CA23200346105 /* JsonLoader.swift */,
			);
			path = Services;
			sourceTree = "<group>";
		};
		EE306D6E201C95FF00346105 /* Formatters */ = {
			isa = PBXGroup;
			children = (
			);
			path = Formatters;
			sourceTree = "<group>";
		};
		EE306D87201D250B00346105 /* Singleton */ = {
			isa = PBXGroup;
			children = (
				EE306D83201D032200346105 /* URLManager.swift */,
			);
			path = Singleton;
			sourceTree = "<group>";
		};
		EE306D8D201D512B00346105 /* PropertyFinderTests */ = {
			isa = PBXGroup;
			children = (
				EE306D96201DC46900346105 /* Platform */,
				EE306D8E201D512B00346105 /* PropertyFinderTests.swift */,
				EE306D90201D512B00346105 /* Info.plist */,
				EE306D9A201DC5E500346105 /* Utils */,
			);
			path = PropertyFinderTests;
			sourceTree = "<group>";
		};
		EE306D96201DC46900346105 /* Platform */ = {
			isa = PBXGroup;
			children = (
				EE306D97201DC47900346105 /* Connectors */,
			);
			path = Platform;
			sourceTree = "<group>";
		};
		EE306D97201DC47900346105 /* Connectors */ = {
			isa = PBXGroup;
			children = (
				EE306D98201DC51300346105 /* PropertyListConnectorTest.swift */,
				EE306D9D201DCD6500346105 /* PropertySortConnectorTest.swift */,
			);
			path = Connectors;
			sourceTree = "<group>";
		};
		EE306D9A201DC5E500346105 /* Utils */ = {
			isa = PBXGroup;
			children = (
				EE306D9B201DC61900346105 /* EntityGatewayTestDummy.swift */,
			);
			path = Utils;
			sourceTree = "<group>";
		};
/* End PBXGroup section */

/* Begin PBXNativeTarget section */
		EE306D2F201C6BC400346105 /* PropertyFinder */ = {
			isa = PBXNativeTarget;
			buildConfigurationList = EE306D42201C6BC400346105 /* Build configuration list for PBXNativeTarget "PropertyFinder" */;
			buildPhases = (
				EE306D2C201C6BC400346105 /* Sources */,
				EE306D2D201C6BC400346105 /* Frameworks */,
				EE306D2E201C6BC400346105 /* Resources */,
			);
			buildRules = (
			);
			dependencies = (
			);
			name = PropertyFinder;
			productName = PropertyFinder;
			productReference = EE306D30201C6BC400346105 /* PropertyFinder.app */;
			productType = "com.apple.product-type.application";
		};
		EE306D8B201D512B00346105 /* PropertyFinderTests */ = {
			isa = PBXNativeTarget;
			buildConfigurationList = EE306D93201D512B00346105 /* Build configuration list for PBXNativeTarget "PropertyFinderTests" */;
			buildPhases = (
				EE306D88201D512B00346105 /* Sources */,
				EE306D89201D512B00346105 /* Frameworks */,
				EE306D8A201D512B00346105 /* Resources */,
			);
			buildRules = (
			);
			dependencies = (
				EE306D92201D512B00346105 /* PBXTargetDependency */,
			);
			name = PropertyFinderTests;
			productName = PropertyFinderTests;
			productReference = EE306D8C201D512B00346105 /* PropertyFinderTests.xctest */;
			productType = "com.apple.product-type.bundle.unit-test";
		};
/* End PBXNativeTarget section */

/* Begin PBXProject section */
		EE306D28201C6BC400346105 /* Project object */ = {
			isa = PBXProject;
			attributes = {
				LastSwiftUpdateCheck = 0920;
				LastUpgradeCheck = 0920;
				ORGANIZATIONNAME = "Ionescu Vlad";
				TargetAttributes = {
					EE306D2F201C6BC400346105 = {
						CreatedOnToolsVersion = 9.2;
						ProvisioningStyle = Automatic;
					};
					EE306D8B201D512B00346105 = {
						CreatedOnToolsVersion = 9.2;
						ProvisioningStyle = Automatic;
						TestTargetID = EE306D2F201C6BC400346105;
					};
				};
			};
			buildConfigurationList = EE306D2B201C6BC400346105 /* Build configuration list for PBXProject "PropertyFinder" */;
			compatibilityVersion = "Xcode 8.0";
			developmentRegion = en;
			hasScannedForEncodings = 0;
			knownRegions = (
				en,
				Base,
			);
			mainGroup = EE306D27201C6BC400346105;
			productRefGroup = EE306D31201C6BC400346105 /* Products */;
			projectDirPath = "";
			projectRoot = "";
			targets = (
				EE306D2F201C6BC400346105 /* PropertyFinder */,
				EE306D8B201D512B00346105 /* PropertyFinderTests */,
			);
		};
/* End PBXProject section */

/* Begin PBXResourcesBuildPhase section */
		EE306D2E201C6BC400346105 /* Resources */ = {
			isa = PBXResourcesBuildPhase;
			buildActionMask = 2147483647;
			files = (
				EE306D3E201C6BC400346105 /* LaunchScreen.storyboard in Resources */,
				EE306D3B201C6BC400346105 /* Assets.xcassets in Resources */,
				EE306D39201C6BC400346105 /* Main.storyboard in Resources */,
				EE306D77201CC68200346105 /* LoadingViewController.xib in Resources */,
			);
			runOnlyForDeploymentPostprocessing = 0;
		};
		EE306D8A201D512B00346105 /* Resources */ = {
			isa = PBXResourcesBuildPhase;
			buildActionMask = 2147483647;
			files = (
			);
			runOnlyForDeploymentPostprocessing = 0;
		};
/* End PBXResourcesBuildPhase section */

/* Begin PBXSourcesBuildPhase section */
		EE306D2C201C6BC400346105 /* Sources */ = {
			isa = PBXSourcesBuildPhase;
			buildActionMask = 2147483647;
			files = (
				EE306D4A201C735F00346105 /* Property.swift in Sources */,
				EE306D6C201C8BB100346105 /* PropertyListPresenter.swift in Sources */,
				EE306D59201C801500346105 /* PropertyListView.swift in Sources */,
				EE306D72201C9D3F00346105 /* InMemoryRepo.swift in Sources */,
				EE306D61201C82ED00346105 /* PropertyTableViewCell.swift in Sources */,
				EE306D7E201CD1AE00346105 /* PropertySortView.swift in Sources */,
				EE306D78201CC68200346105 /* LoadingViewController.swift in Sources */,
				EE306D74201CA23200346105 /* JsonLoader.swift in Sources */,
				EE306D4C201C75ED00346105 /* UseCase.swift in Sources */,
				EE306D82201CD9F000346105 /* SortPropertyListUseCase.swift in Sources */,
				EE306D70201C9C9C00346105 /* URLImageLoader.swift in Sources */,
				EE306D4F201C76BC00346105 /* ShowPropertiesListUseCase.swift in Sources */,
				EE306D84201D032200346105 /* URLManager.swift in Sources */,
				EE306D7C201CD0D600346105 /* PropertySortConnector.swift in Sources */,
				EE306D5B201C80E100346105 /* PropertyListItemView.swift in Sources */,
				EE306D46201C6D1400346105 /* PropertyTableViewController.swift in Sources */,
				EE306D34201C6BC400346105 /* AppDelegate.swift in Sources */,
				EE306D5E201C824600346105 /* SegueHandler.swift in Sources */,
				EE306D7A201CCDE800346105 /* PropertySortViewController.swift in Sources */,
				EE306D69201C8B0400346105 /* PropertyListConnector.swift in Sources */,
				EE306D86201D1CA200346105 /* ShowNextPropertyPageUseCase.swift in Sources */,
				EE306D56201C7B7500346105 /* PropertyResponse.swift in Sources */,
				EE306D80201CD3E100346105 /* PropertySortPresenter.swift in Sources */,
				EE306D53201C7AE800346105 /* UseCaseFactory.swift in Sources */,
				EE306D51201C771100346105 /* EntityGateway.swift in Sources */,
			);
			runOnlyForDeploymentPostprocessing = 0;
		};
		EE306D88201D512B00346105 /* Sources */ = {
			isa = PBXSourcesBuildPhase;
			buildActionMask = 2147483647;
			files = (
				EE306D99201DC51300346105 /* PropertyListConnectorTest.swift in Sources */,
				EE306D8F201D512B00346105 /* PropertyFinderTests.swift in Sources */,
				EE306D9E201DCD6500346105 /* PropertySortConnectorTest.swift in Sources */,
				EE306D9C201DC61900346105 /* EntityGatewayTestDummy.swift in Sources */,
			);
			runOnlyForDeploymentPostprocessing = 0;
		};
/* End PBXSourcesBuildPhase section */

/* Begin PBXTargetDependency section */
		EE306D92201D512B00346105 /* PBXTargetDependency */ = {
			isa = PBXTargetDependency;
			target = EE306D2F201C6BC400346105 /* PropertyFinder */;
			targetProxy = EE306D91201D512B00346105 /* PBXContainerItemProxy */;
		};
/* End PBXTargetDependency section */

/* Begin PBXVariantGroup section */
		EE306D37201C6BC400346105 /* Main.storyboard */ = {
			isa = PBXVariantGroup;
			children = (
				EE306D38201C6BC400346105 /* Base */,
			);
			name = Main.storyboard;
			sourceTree = "<group>";
		};
		EE306D3C201C6BC400346105 /* LaunchScreen.storyboard */ = {
			isa = PBXVariantGroup;
			children = (
				EE306D3D201C6BC400346105 /* Base */,
			);
			name = LaunchScreen.storyboard;
			sourceTree = "<group>";
		};
/* End PBXVariantGroup section */

/* Begin XCBuildConfiguration section */
		EE306D40201C6BC400346105 /* Debug */ = {
			isa = XCBuildConfiguration;
			buildSettings = {
				ALWAYS_SEARCH_USER_PATHS = NO;
				CLANG_ANALYZER_NONNULL = YES;
				CLANG_ANALYZER_NUMBER_OBJECT_CONVERSION = YES_AGGRESSIVE;
				CLANG_CXX_LANGUAGE_STANDARD = "gnu++14";
				CLANG_CXX_LIBRARY = "libc++";
				CLANG_ENABLE_MODULES = YES;
				CLANG_ENABLE_OBJC_ARC = YES;
				CLANG_WARN_BLOCK_CAPTURE_AUTORELEASING = YES;
				CLANG_WARN_BOOL_CONVERSION = YES;
				CLANG_WARN_COMMA = YES;
				CLANG_WARN_CONSTANT_CONVERSION = YES;
				CLANG_WARN_DIRECT_OBJC_ISA_USAGE = YES_ERROR;
				CLANG_WARN_DOCUMENTATION_COMMENTS = YES;
				CLANG_WARN_EMPTY_BODY = YES;
				CLANG_WARN_ENUM_CONVERSION = YES;
				CLANG_WARN_INFINITE_RECURSION = YES;
				CLANG_WARN_INT_CONVERSION = YES;
				CLANG_WARN_NON_LITERAL_NULL_CONVERSION = YES;
				CLANG_WARN_OBJC_LITERAL_CONVERSION = YES;
				CLANG_WARN_OBJC_ROOT_CLASS = YES_ERROR;
				CLANG_WARN_RANGE_LOOP_ANALYSIS = YES;
				CLANG_WARN_STRICT_PROTOTYPES = YES;
				CLANG_WARN_SUSPICIOUS_MOVE = YES;
				CLANG_WARN_UNGUARDED_AVAILABILITY = YES_AGGRESSIVE;
				CLANG_WARN_UNREACHABLE_CODE = YES;
				CLANG_WARN__DUPLICATE_METHOD_MATCH = YES;
				CODE_SIGN_IDENTITY = "iPhone Developer";
				COPY_PHASE_STRIP = NO;
				DEBUG_INFORMATION_FORMAT = dwarf;
				ENABLE_STRICT_OBJC_MSGSEND = YES;
				ENABLE_TESTABILITY = YES;
				GCC_C_LANGUAGE_STANDARD = gnu11;
				GCC_DYNAMIC_NO_PIC = NO;
				GCC_NO_COMMON_BLOCKS = YES;
				GCC_OPTIMIZATION_LEVEL = 0;
				GCC_PREPROCESSOR_DEFINITIONS = (
					"DEBUG=1",
					"$(inherited)",
				);
				GCC_WARN_64_TO_32_BIT_CONVERSION = YES;
				GCC_WARN_ABOUT_RETURN_TYPE = YES_ERROR;
				GCC_WARN_UNDECLARED_SELECTOR = YES;
				GCC_WARN_UNINITIALIZED_AUTOS = YES_AGGRESSIVE;
				GCC_WARN_UNUSED_FUNCTION = YES;
				GCC_WARN_UNUSED_VARIABLE = YES;
				IPHONEOS_DEPLOYMENT_TARGET = 11.2;
				MTL_ENABLE_DEBUG_INFO = YES;
				ONLY_ACTIVE_ARCH = YES;
				SDKROOT = iphoneos;
				SWIFT_ACTIVE_COMPILATION_CONDITIONS = DEBUG;
				SWIFT_OPTIMIZATION_LEVEL = "-Onone";
			};
			name = Debug;
		};
		EE306D41201C6BC400346105 /* Release */ = {
			isa = XCBuildConfiguration;
			buildSettings = {
				ALWAYS_SEARCH_USER_PATHS = NO;
				CLANG_ANALYZER_NONNULL = YES;
				CLANG_ANALYZER_NUMBER_OBJECT_CONVERSION = YES_AGGRESSIVE;
				CLANG_CXX_LANGUAGE_STANDARD = "gnu++14";
				CLANG_CXX_LIBRARY = "libc++";
				CLANG_ENABLE_MODULES = YES;
				CLANG_ENABLE_OBJC_ARC = YES;
				CLANG_WARN_BLOCK_CAPTURE_AUTORELEASING = YES;
				CLANG_WARN_BOOL_CONVERSION = YES;
				CLANG_WARN_COMMA = YES;
				CLANG_WARN_CONSTANT_CONVERSION = YES;
				CLANG_WARN_DIRECT_OBJC_ISA_USAGE = YES_ERROR;
				CLANG_WARN_DOCUMENTATION_COMMENTS = YES;
				CLANG_WARN_EMPTY_BODY = YES;
				CLANG_WARN_ENUM_CONVERSION = YES;
				CLANG_WARN_INFINITE_RECURSION = YES;
				CLANG_WARN_INT_CONVERSION = YES;
				CLANG_WARN_NON_LITERAL_NULL_CONVERSION = YES;
				CLANG_WARN_OBJC_LITERAL_CONVERSION = YES;
				CLANG_WARN_OBJC_ROOT_CLASS = YES_ERROR;
				CLANG_WARN_RANGE_LOOP_ANALYSIS = YES;
				CLANG_WARN_STRICT_PROTOTYPES = YES;
				CLANG_WARN_SUSPICIOUS_MOVE = YES;
				CLANG_WARN_UNGUARDED_AVAILABILITY = YES_AGGRESSIVE;
				CLANG_WARN_UNREACHABLE_CODE = YES;
				CLANG_WARN__DUPLICATE_METHOD_MATCH = YES;
				CODE_SIGN_IDENTITY = "iPhone Developer";
				COPY_PHASE_STRIP = NO;
				DEBUG_INFORMATION_FORMAT = "dwarf-with-dsym";
				ENABLE_NS_ASSERTIONS = NO;
				ENABLE_STRICT_OBJC_MSGSEND = YES;
				GCC_C_LANGUAGE_STANDARD = gnu11;
				GCC_NO_COMMON_BLOCKS = YES;
				GCC_WARN_64_TO_32_BIT_CONVERSION = YES;
				GCC_WARN_ABOUT_RETURN_TYPE = YES_ERROR;
				GCC_WARN_UNDECLARED_SELECTOR = YES;
				GCC_WARN_UNINITIALIZED_AUTOS = YES_AGGRESSIVE;
				GCC_WARN_UNUSED_FUNCTION = YES;
				GCC_WARN_UNUSED_VARIABLE = YES;
				IPHONEOS_DEPLOYMENT_TARGET = 11.2;
				MTL_ENABLE_DEBUG_INFO = NO;
				SDKROOT = iphoneos;
				SWIFT_OPTIMIZATION_LEVEL = "-Owholemodule";
				VALIDATE_PRODUCT = YES;
			};
			name = Release;
		};
		EE306D43201C6BC400346105 /* Debug */ = {
			isa = XCBuildConfiguration;
			buildSettings = {
				ASSETCATALOG_COMPILER_APPICON_NAME = AppIcon;
				CODE_SIGN_STYLE = Automatic;
				DEVELOPMENT_TEAM = 92N5N59B78;
				INFOPLIST_FILE = PropertyFinder/Info.plist;
				LD_RUNPATH_SEARCH_PATHS = "$(inherited) @executable_path/Frameworks";
				PRODUCT_BUNDLE_IDENTIFIER = IonescuVlad.PropertyFinder;
				PRODUCT_NAME = "$(TARGET_NAME)";
				SWIFT_VERSION = 4.0;
				TARGETED_DEVICE_FAMILY = "1,2";
			};
			name = Debug;
		};
		EE306D44201C6BC400346105 /* Release */ = {
			isa = XCBuildConfiguration;
			buildSettings = {
				ASSETCATALOG_COMPILER_APPICON_NAME = AppIcon;
				CODE_SIGN_STYLE = Automatic;
				DEVELOPMENT_TEAM = 92N5N59B78;
				INFOPLIST_FILE = PropertyFinder/Info.plist;
				LD_RUNPATH_SEARCH_PATHS = "$(inherited) @executable_path/Frameworks";
				PRODUCT_BUNDLE_IDENTIFIER = IonescuVlad.PropertyFinder;
				PRODUCT_NAME = "$(TARGET_NAME)";
				SWIFT_VERSION = 4.0;
				TARGETED_DEVICE_FAMILY = "1,2";
			};
			name = Release;
		};
		EE306D94201D512B00346105 /* Debug */ = {
			isa = XCBuildConfiguration;
			buildSettings = {
				BUNDLE_LOADER = "$(TEST_HOST)";
				CODE_SIGN_STYLE = Automatic;
				INFOPLIST_FILE = PropertyFinderTests/Info.plist;
				LD_RUNPATH_SEARCH_PATHS = "$(inherited) @executable_path/Frameworks @loader_path/Frameworks";
				PRODUCT_BUNDLE_IDENTIFIER = IonescuVlad.PropertyFinderTests;
				PRODUCT_NAME = "$(TARGET_NAME)";
				SWIFT_VERSION = 4.0;
				TARGETED_DEVICE_FAMILY = "1,2";
				TEST_HOST = "$(BUILT_PRODUCTS_DIR)/PropertyFinder.app/PropertyFinder";
			};
			name = Debug;
		};
		EE306D95201D512B00346105 /* Release */ = {
			isa = XCBuildConfiguration;
			buildSettings = {
				BUNDLE_LOADER = "$(TEST_HOST)";
				CODE_SIGN_STYLE = Automatic;
				INFOPLIST_FILE = PropertyFinderTests/Info.plist;
				LD_RUNPATH_SEARCH_PATHS = "$(inherited) @executable_path/Frameworks @loader_path/Frameworks";
				PRODUCT_BUNDLE_IDENTIFIER = IonescuVlad.PropertyFinderTests;
				PRODUCT_NAME = "$(TARGET_NAME)";
				SWIFT_VERSION = 4.0;
				TARGETED_DEVICE_FAMILY = "1,2";
				TEST_HOST = "$(BUILT_PRODUCTS_DIR)/PropertyFinder.app/PropertyFinder";
			};
			name = Release;
		};
/* End XCBuildConfiguration section */

/* Begin XCConfigurationList section */
		EE306D2B201C6BC400346105 /* Build configuration list for PBXProject "PropertyFinder" */ = {
			isa = XCConfigurationList;
			buildConfigurations = (
				EE306D40201C6BC400346105 /* Debug */,
				EE306D41201C6BC400346105 /* Release */,
			);
			defaultConfigurationIsVisible = 0;
			defaultConfigurationName = Release;
		};
		EE306D42201C6BC400346105 /* Build configuration list for PBXNativeTarget "PropertyFinder" */ = {
			isa = XCConfigurationList;
			buildConfigurations = (
				EE306D43201C6BC400346105 /* Debug */,
				EE306D44201C6BC400346105 /* Release */,
			);
			defaultConfigurationIsVisible = 0;
			defaultConfigurationName = Release;
		};
		EE306D93201D512B00346105 /* Build configuration list for PBXNativeTarget "PropertyFinderTests" */ = {
			isa = XCConfigurationList;
			buildConfigurations = (
				EE306D94201D512B00346105 /* Debug */,
				EE306D95201D512B00346105 /* Release */,
			);
			defaultConfigurationIsVisible = 0;
			defaultConfigurationName = Release;
		};
/* End XCConfigurationList section */
	};
	rootObject = EE306D28201C6BC400346105 /* Project object */;
}
